
Microsoft Visual Studio Solution File, Format Version 12.00
# Visual Studio Version 17
VisualStudioVersion = 17.11.35312.102
MinimumVisualStudioVersion = 10.0.40219.1
Project("{FAE04EC0-301F-11D3-BF4B-00C04F79EFBC}") = "SortedScopeFiller", "SortedScopeFiller\SortedScopeFiller.csproj", "{645328E3-A64E-408D-8F16-FDFE71E49C00}"
EndProject
Global
	GlobalSection(SolutionConfigurationPlatforms) = preSolution
		Debug|Any CPU = Debug|Any CPU
		Debug|x64 = Debug|x64
		Release|Any CPU = Release|Any CPU
		Release|x64 = Release|x64
		x64|Any CPU = x64|Any CPU
		x64|x64 = x64|x64
	EndGlobalSection
	GlobalSection(ProjectConfigurationPlatforms) = postSolution
		{645328E3-A64E-408D-8F16-FDFE71E49C00}.Debug|Any CPU.ActiveCfg = Debug|Any CPU
		{645328E3-A64E-408D-8F16-FDFE71E49C00}.Debug|Any CPU.Build.0 = Debug|Any CPU
		{645328E3-A64E-408D-8F16-FDFE71E49C00}.Debug|x64.ActiveCfg = Debug|x64
		{645328E3-A64E-408D-8F16-FDFE71E49C00}.Debug|x64.Build.0 = Debug|x64
		{645328E3-A64E-408D-8F16-FDFE71E49C00}.Release|Any CPU.ActiveCfg = Release|Any CPU
		{645328E3-A64E-408D-8F16-FDFE71E49C00}.Release|Any CPU.Build.0 = Release|Any CPU
		{645328E3-A64E-408D-8F16-FDFE71E49C00}.Release|x64.ActiveCfg = Release|x64
		{645328E3-A64E-408D-8F16-FDFE71E49C00}.Release|x64.Build.0 = Release|x64
		{645328E3-A64E-408D-8F16-FDFE71E49C00}.x64|Any CPU.ActiveCfg = x64|Any CPU
		{645328E3-A64E-408D-8F16-FDFE71E49C00}.x64|Any CPU.Build.0 = x64|Any CPU
		{645328E3-A64E-408D-8F16-FDFE71E49C00}.x64|x64.ActiveCfg = x64|x64
		{645328E3-A64E-408D-8F16-FDFE71E49C00}.x64|x64.Build.0 = x64|x64
	EndGlobalSection
	GlobalSection(SolutionProperties) = preSolution
		HideSolutionNode = FALSE
	EndGlobalSection
	GlobalSection(ExtensibilityGlobals) = postSolution
		SolutionGuid = {690CEF14-EC8C-4E64-9528-591F76E6E523}
	EndGlobalSection
EndGlobal
